
Microsoft Visual Studio Solution File, Format Version 12.00
# Visual Studio 15
VisualStudioVersion = 15.0.28010.2016
MinimumVisualStudioVersion = 10.0.40219.1
Project("{8BC9CEB8-8B4A-11D0-8D11-00A0C91BC942}") = "nuacom", "nuacom\nuacom.vcxproj", "{2078C9C9-D5D2-4B2E-B014-36FD7D402FA8}"
EndProject
Project("{8BC9CEB8-8B4A-11D0-8D11-00A0C91BC942}") = "testapp", "testapp\testapp.vcxproj", "{A48BD8C5-40EC-495D-BAED-3292EB17F66F}"
EndProject
Project("{8BC9CEB8-8B4A-11D0-8D11-00A0C91BC942}") = "apitest", "apitest\apitest.vcxproj", "{8FB79799-AF52-4911-A75B-2CD84CA5E46F}"
EndProject
Project("{8BC9CEB8-8B4A-11D0-8D11-00A0C91BC942}") = "WebsocketAPI", "WebsocketAPI\WebsocketAPI.vcxproj", "{49F40CFB-406F-4228-80FD-F01E3C9D6DCA}"
EndProject
Project("{8BC9CEB8-8B4A-11D0-8D11-00A0C91BC942}") = "socketioclient", "socketioclient\socketioclient.vcxproj", "{5E08DF76-89E7-47EF-873C-8B259756CE6C}"
EndProject
Global
	GlobalSection(SolutionConfigurationPlatforms) = preSolution
		Debug|x64 = Debug|x64
		Debug|x86 = Debug|x86
		Release|x64 = Release|x64
		Release|x86 = Release|x86
	EndGlobalSection
	GlobalSection(ProjectConfigurationPlatforms) = postSolution
		{2078C9C9-D5D2-4B2E-B014-36FD7D402FA8}.Debug|x64.ActiveCfg = Debug|x64
		{2078C9C9-D5D2-4B2E-B014-36FD7D402FA8}.Debug|x64.Build.0 = Debug|x64
		{2078C9C9-D5D2-4B2E-B014-36FD7D402FA8}.Debug|x86.ActiveCfg = Debug|Win32
		{2078C9C9-D5D2-4B2E-B014-36FD7D402FA8}.Debug|x86.Build.0 = Debug|Win32
		{2078C9C9-D5D2-4B2E-B014-36FD7D402FA8}.Release|x64.ActiveCfg = Release|x64
		{2078C9C9-D5D2-4B2E-B014-36FD7D402FA8}.Release|x64.Build.0 = Release|x64
		{2078C9C9-D5D2-4B2E-B014-36FD7D402FA8}.Release|x86.ActiveCfg = Release|Win32
		{2078C9C9-D5D2-4B2E-B014-36FD7D402FA8}.Release|x86.Build.0 = Release|Win32
		{A48BD8C5-40EC-495D-BAED-3292EB17F66F}.Debug|x64.ActiveCfg = Debug|x64
		{A48BD8C5-40EC-495D-BAED-3292EB17F66F}.Debug|x64.Build.0 = Debug|x64
		{A48BD8C5-40EC-495D-BAED-3292EB17F66F}.Debug|x86.ActiveCfg = Debug|Win32
		{A48BD8C5-40EC-495D-BAED-3292EB17F66F}.Debug|x86.Build.0 = Debug|Win32
		{A48BD8C5-40EC-495D-BAED-3292EB17F66F}.Release|x64.ActiveCfg = Release|x64
		{A48BD8C5-40EC-495D-BAED-3292EB17F66F}.Release|x64.Build.0 = Release|x64
		{A48BD8C5-40EC-495D-BAED-3292EB17F66F}.Release|x86.ActiveCfg = Release|Win32
		{A48BD8C5-40EC-495D-BAED-3292EB17F66F}.Release|x86.Build.0 = Release|Win32
		{8FB79799-AF52-4911-A75B-2CD84CA5E46F}.Debug|x64.ActiveCfg = Debug|x64
		{8FB79799-AF52-4911-A75B-2CD84CA5E46F}.Debug|x64.Build.0 = Debug|x64
		{8FB79799-AF52-4911-A75B-2CD84CA5E46F}.Debug|x86.ActiveCfg = Debug|Win32
		{8FB79799-AF52-4911-A75B-2CD84CA5E46F}.Debug|x86.Build.0 = Debug|Win32
		{8FB79799-AF52-4911-A75B-2CD84CA5E46F}.Release|x64.ActiveCfg = Release|x64
		{8FB79799-AF52-4911-A75B-2CD84CA5E46F}.Release|x64.Build.0 = Release|x64
		{8FB79799-AF52-4911-A75B-2CD84CA5E46F}.Release|x86.ActiveCfg = Release|Win32
		{8FB79799-AF52-4911-A75B-2CD84CA5E46F}.Release|x86.Build.0 = Release|Win32
		{49F40CFB-406F-4228-80FD-F01E3C9D6DCA}.Debug|x64.ActiveCfg = Debug|x64
		{49F40CFB-406F-4228-80FD-F01E3C9D6DCA}.Debug|x64.Build.0 = Debug|x64
		{49F40CFB-406F-4228-80FD-F01E3C9D6DCA}.Debug|x86.ActiveCfg = Debug|Win32
		{49F40CFB-406F-4228-80FD-F01E3C9D6DCA}.Debug|x86.Build.0 = Debug|Win32
		{49F40CFB-406F-4228-80FD-F01E3C9D6DCA}.Release|x64.ActiveCfg = Release|x64
		{49F40CFB-406F-4228-80FD-F01E3C9D6DCA}.Release|x64.Build.0 = Release|x64
		{49F40CFB-406F-4228-80FD-F01E3C9D6DCA}.Release|x86.ActiveCfg = Release|Win32
		{49F40CFB-406F-4228-80FD-F01E3C9D6DCA}.Release|x86.Build.0 = Release|Win32
		{5E08DF76-89E7-47EF-873C-8B259756CE6C}.Debug|x64.ActiveCfg = Debug|x64
		{5E08DF76-89E7-47EF-873C-8B259756CE6C}.Debug|x64.Build.0 = Debug|x64
		{5E08DF76-89E7-47EF-873C-8B259756CE6C}.Debug|x86.ActiveCfg = Debug|Win32
		{5E08DF76-89E7-47EF-873C-8B259756CE6C}.Debug|x86.Build.0 = Debug|Win32
		{5E08DF76-89E7-47EF-873C-8B259756CE6C}.Release|x64.ActiveCfg = Release|x64
		{5E08DF76-89E7-47EF-873C-8B259756CE6C}.Release|x64.Build.0 = Release|x64
		{5E08DF76-89E7-47EF-873C-8B259756CE6C}.Release|x86.ActiveCfg = Release|Win32
		{5E08DF76-89E7-47EF-873C-8B259756CE6C}.Release|x86.Build.0 = Release|Win32
	EndGlobalSection
	GlobalSection(SolutionProperties) = preSolution
		HideSolutionNode = FALSE
	EndGlobalSection
	GlobalSection(ExtensibilityGlobals) = postSolution
		SolutionGuid = {02D23FE8-9E54-4F21-80EA-2C802EA42753}
	EndGlobalSection
EndGlobal
